Microsoft Visual Studio Solution File, Format Version 12.00
# Visual Studio Version 17
VisualStudioVersion = 17.5.2.0
MinimumVisualStudioVersion = 10.0.40219.1
Project("{FAE04EC0-301F-11D3-BF4B-00C04F79EFBC}") = "CardDuel.ServerApi", "CardDuel.ServerApi.csproj", "{3B39AD98-153D-A31B-B7C2-6EA342DCC977}"
EndProject
Global
	GlobalSection(SolutionConfigurationPlatforms) = preSolution
		Debug|Any CPU = Debug|Any CPU
		Release|Any CPU = Release|Any CPU
	EndGlobalSection
	GlobalSection(ProjectConfigurationPlatforms) = postSolution
		{3B39AD98-153D-A31B-B7C2-6EA342DCC977}.Debug|Any CPU.ActiveCfg = Debug|Any CPU
		{3B39AD98-153D-A31B-B7C2-6EA342DCC977}.Debug|Any CPU.Build.0 = Debug|Any CPU
		{3B39AD98-153D-A31B-B7C2-6EA342DCC977}.Release|Any CPU.ActiveCfg = Release|Any CPU
		{3B39AD98-153D-A31B-B7C2-6EA342DCC977}.Release|Any CPU.Build.0 = Release|Any CPU
	EndGlobalSection
	GlobalSection(SolutionProperties) = preSolution
		HideSolutionNode = FALSE
	EndGlobalSection
	GlobalSection(ExtensibilityGlobals) = postSolution
		SolutionGuid = {1C6F0B9A-3BBE-4351-A7A0-942CCB4F086F}
	EndGlobalSection
EndGlobal
